{
  "name": "f2e-middle-esbuild",
  "version": "0.4.0",
  "lockfileVersion": 2,
  "requires": true,
  "packages": {
    "": {
      "version": "0.4.0",
      "license": "MIT",
      "dependencies": {
        "esbuild": "^0.14.6",
        "f2e-server": "^2.16.1"
      },
      "devDependencies": {
        "@types/node": "^14.14.16",
        "typescript": "^4.1.3"
      }
    },
    "node_modules/@types/less": {
      "version": "3.0.3",
      "resolved": "https://registry.npmjs.org/@types/less/-/less-3.0.3.tgz",
      "integrity": "sha512-1YXyYH83h6We1djyoUEqTlVyQtCfJAFXELSKW2ZRtjHD4hQ82CC4lvrv5D0l0FLcKBaiPbXyi3MpMsI9ZRgKsw=="
    },
    "node_modules/@types/node": {
      "version": "14.18.2",
      "resolved": "https://registry.npmjs.org/@types/node/-/node-14.18.2.tgz",
      "integrity": "sha512-fqtSN5xn/bBzDxMT77C1rJg6CsH/R49E7qsGuvdPJa20HtV5zSTuLJPNfnlyVH3wauKnkHdLggTVkOW/xP9oQg==",
      "dev": true
    },
    "node_modules/anymatch": {
      "version": "3.1.2",
      "resolved": "https://registry.npmjs.org/anymatch/-/anymatch-3.1.2.tgz",
      "integrity": "sha512-P43ePfOAIupkguHUycrc4qJ9kz8ZiuOUijaETwX7THt0Y/GNK7v0aa8rY816xWjZ7rJdA5XdMcpVFTKMq+RvWg==",
      "dependencies": {
        "normalize-path": "^3.0.0",
        "picomatch": "^2.0.4"
      },
      "engines": {
        "node": ">= 8"
      }
    },
    "node_modules/binary-extensions": {
      "version": "2.2.0",
      "resolved": "https://registry.npmjs.org/binary-extensions/-/binary-extensions-2.2.0.tgz",
      "integrity": "sha512-jDctJ/IVQbZoJykoeHbhXpOlNBqGNcwXJKJog42E5HDPUwQTSdjCHdihjj0DlnheQ7blbT6dHOafNAiS8ooQKA==",
      "engines": {
        "node": ">=8"
      }
    },
    "node_modules/braces": {
      "version": "3.0.2",
      "resolved": "https://registry.npmjs.org/braces/-/braces-3.0.2.tgz",
      "integrity": "sha512-b8um+L1RzM3WDSzvhm6gIz1yfTbBt6YTlcEKAvsmqCZZFw46z626lVj9j1yEPW33H5H+lBQpZMP1k8l+78Ha0A==",
      "dependencies": {
        "fill-range": "^7.0.1"
      },
      "engines": {
        "node": ">=8"
      }
    },
    "node_modules/chokidar": {
      "version": "3.5.2",
      "resolved": "https://registry.npmjs.org/chokidar/-/chokidar-3.5.2.tgz",
      "integrity": "sha512-ekGhOnNVPgT77r4K/U3GDhu+FQ2S8TnK/s2KbIGXi0SZWuwkZ2QNyfWdZW+TVfn84DpEP7rLeCt2UI6bJ8GwbQ==",
      "dependencies": {
        "anymatch": "~3.1.2",
        "braces": "~3.0.2",
        "glob-parent": "~5.1.2",
        "is-binary-path": "~2.1.0",
        "is-glob": "~4.0.1",
        "normalize-path": "~3.0.0",
        "readdirp": "~3.6.0"
      },
      "engines": {
        "node": ">= 8.10.0"
      },
      "optionalDependencies": {
        "fsevents": "~2.3.2"
      }
    },
    "node_modules/commander": {
      "version": "2.20.3",
      "resolved": "https://registry.npmjs.org/commander/-/commander-2.20.3.tgz",
      "integrity": "sha512-GpVkmM8vF2vQUkj2LvZmD35JxeJOLCwJ9cUkugyk2nuhbv3+mJvpLYYt+0+USMxE+oj+ey/lJEnhZw75x/OMcQ=="
    },
    "node_modules/debug": {
      "version": "4.3.1",
      "resolved": "https://registry.npmjs.org/debug/-/debug-4.3.1.tgz",
      "integrity": "sha512-doEwdvm4PCeK4K3RQN2ZC2BYUBaxwLARCqZmMjtF8a51J2Rb0xpVloFRnCODwqjpwnAoao4pelN8l3RJdv3gRQ==",
      "dependencies": {
        "ms": "2.1.2"
      },
      "engines": {
        "node": ">=6.0"
      },
      "peerDependenciesMeta": {
        "supports-color": {
          "optional": true
        }
      }
    },
    "node_modules/deep-is": {
      "version": "0.1.4",
      "resolved": "https://registry.npmjs.org/deep-is/-/deep-is-0.1.4.tgz",
      "integrity": "sha512-oIPzksmTg4/MriiaYGO+okXDT7ztn/w3Eptv/+gSIdMdKsJo0u4CfYNFJPy+4SKMuCqGw2wxnA+URMg3t8a/bQ=="
    },
    "node_modules/esbuild": {
      "version": "0.14.6",
      "resolved": "https://registry.npmjs.org/esbuild/-/esbuild-0.14.6.tgz",
      "integrity": "sha512-IbaeG3srFXK2p/WPhBctu9AGcJ1O0ksBbHTYgLwLAAmbonO49p8E06R4P+4B5gVvquNDU1QUa/0wHY6sT4VDmA==",
      "hasInstallScript": true,
      "bin": {
        "esbuild": "bin/esbuild"
      },
      "optionalDependencies": {
        "esbuild-android-arm64": "0.14.6",
        "esbuild-darwin-64": "0.14.6",
        "esbuild-darwin-arm64": "0.14.6",
        "esbuild-freebsd-64": "0.14.6",
        "esbuild-freebsd-arm64": "0.14.6",
        "esbuild-linux-32": "0.14.6",
        "esbuild-linux-64": "0.14.6",
        "esbuild-linux-arm": "0.14.6",
        "esbuild-linux-arm64": "0.14.6",
        "esbuild-linux-mips64le": "0.14.6",
        "esbuild-linux-ppc64le": "0.14.6",
        "esbuild-netbsd-64": "0.14.6",
        "esbuild-openbsd-64": "0.14.6",
        "esbuild-sunos-64": "0.14.6",
        "esbuild-windows-32": "0.14.6",
        "esbuild-windows-64": "0.14.6",
        "esbuild-windows-arm64": "0.14.6"
      }
    },
    "node_modules/esbuild-android-arm64": {
      "version": "0.14.6",
      "resolved": "https://registry.npmjs.org/esbuild-android-arm64/-/esbuild-android-arm64-0.14.6.tgz",
      "integrity": "sha512-s38gxoqFnr42VHDoN5jkvUFJpqOHf2IEki3FKeu/AZzU+FSw6yngUjNBtmkCmBfHvfCEGBCkuqciJTwfwE+YhA==",
      "cpu": [
        "arm64"
      ],
      "optional": true,
      "os": [
        "android"
      ]
    },
    "node_modules/esbuild-darwin-64": {
      "version": "0.14.6",
      "resolved": "https://registry.npmjs.org/esbuild-darwin-64/-/esbuild-darwin-64-0.14.6.tgz",
      "integrity": "sha512-tm9Q5usB6NjbKXUbrGAdW2OKfaHmgda2jmQeqarJkVPcVnz0XEWrn3hO6PGcD9pJr/5qwizBaUH3TzvsIhRlng==",
      "cpu": [
        "x64"
      ],
      "optional": true,
      "os": [
        "darwin"
      ]
    },
    "node_modules/esbuild-darwin-arm64": {
      "version": "0.14.6",
      "resolved": "https://registry.npmjs.org/esbuild-darwin-arm64/-/esbuild-darwin-arm64-0.14.6.tgz",
      "integrity": "sha512-W1Ytsa4EY5qlx433E2ffWnhT0plPHEWbRg+IhtkNnzQP1jaRaCNRPILUpufmmO78PY8oFx5qAT/vPf73H96R7g==",
      "cpu": [
        "arm64"
      ],
      "optional": true,
      "os": [
        "darwin"
      ]
    },
    "node_modules/esbuild-freebsd-64": {
      "version": "0.14.6",
      "resolved": "https://registry.npmjs.org/esbuild-freebsd-64/-/esbuild-freebsd-64-0.14.6.tgz",
      "integrity": "sha512-Lb9raMwL12FZ4omr6vLlWjIhI+RdXoWEaghv0bAGEo9x1MkfEly83KiEIeJle7VFpGrHsR4OTYyJ4sztcPc+0A==",
      "cpu": [
        "x64"
      ],
      "optional": true,
      "os": [
        "freebsd"
      ]
    },
    "node_modules/esbuild-freebsd-arm64": {
      "version": "0.14.6",
      "resolved": "https://registry.npmjs.org/esbuild-freebsd-arm64/-/esbuild-freebsd-arm64-0.14.6.tgz",
      "integrity": "sha512-0xpvXhfu+Qc8uZXTvahuBfOAEIkyUa2XIEzLGV10t66svfZ9mC0ZH+kqiNLr7ETLz+P0PTExv3xtt5YoRD4DeA==",
      "cpu": [
        "arm64"
      ],
      "optional": true,
      "os": [
        "freebsd"
      ]
    },
    "node_modules/esbuild-linux-32": {
      "version": "0.14.6",
      "resolved": "https://registry.npmjs.org/esbuild-linux-32/-/esbuild-linux-32-0.14.6.tgz",
      "integrity": "sha512-zm7NwLrnckBqckAL41JW1Z1ddn6HRGo3e4D3aZG+NrlDDu60J2Pv/wVTTc8tEvb2MChAU0kok8InKmoPv0dp6g==",
      "cpu": [
        "ia32"
      ],
      "optional": true,
      "os": [
        "linux"
      ]
    },
    "node_modules/esbuild-linux-64": {
      "version": "0.14.6",
      "resolved": "https://registry.npmjs.org/esbuild-linux-64/-/esbuild-linux-64-0.14.6.tgz",
      "integrity": "sha512-pYRXlQmgd7kDlkAV3AJHI5u+CpQ40HKVlY2SYuxRKb18BaCLgjhihDn87QYFTcCTYQpoo12LLea6ka4HpDKi0Q==",
      "cpu": [
        "x64"
      ],
      "optional": true,
      "os": [
        "linux"
      ]
    },
    "node_modules/esbuild-linux-arm": {
      "version": "0.14.6",
      "resolved": "https://registry.npmjs.org/esbuild-linux-arm/-/esbuild-linux-arm-0.14.6.tgz",
      "integrity": "sha512-V2H7diFlZdHy2GUrOw6V2gJMTBSu5FrbkkIp2uwe76Z+BoqCiX+1Qs3lC7Ng0lcx4KoTmzyEW1gRm3RE6Qi83A==",
      "cpu": [
        "arm"
      ],
      "optional": true,
      "os": [
        "linux"
      ]
    },
    "node_modules/esbuild-linux-arm64": {
      "version": "0.14.6",
      "resolved": "https://registry.npmjs.org/esbuild-linux-arm64/-/esbuild-linux-arm64-0.14.6.tgz",
      "integrity": "sha512-T4pL9ABEbL5NKFWkEXpIttXiCWdqvHxtkRMSGKStfk3FmI7W9qtn8cKmCxHUzg1DJ87c+FSWWOS+BmND5nSVwg==",
      "cpu": [
        "arm64"
      ],
      "optional": true,
      "os": [
        "linux"
      ]
    },
    "node_modules/esbuild-linux-mips64le": {
      "version": "0.14.6",
      "resolved": "https://registry.npmjs.org/esbuild-linux-mips64le/-/esbuild-linux-mips64le-0.14.6.tgz",
      "integrity": "sha512-ZOMFyAKxOEy5zAY1dA+5XKbNzj6Olq86Pu6aDBOE7pIN7PtYeVQUw4AmQMC3JNUrT8OjiTi1/bL0HPqLJQ06Yg==",
      "cpu": [
        "mips64el"
      ],
      "optional": true,
      "os": [
        "linux"
      ]
    },
    "node_modules/esbuild-linux-ppc64le": {
      "version": "0.14.6",
      "resolved": "https://registry.npmjs.org/esbuild-linux-ppc64le/-/esbuild-linux-ppc64le-0.14.6.tgz",
      "integrity": "sha512-vl+fAVdV2R19InpZEyLj3pSUNMHUDEp6dX5Apn9MMpIYPn+LhLoTeIVKnS+eMxoOWCH3qGLoHJ8p/9n1USinLQ==",
      "cpu": [
        "ppc64"
      ],
      "optional": true,
      "os": [
        "linux"
      ]
    },
    "node_modules/esbuild-netbsd-64": {
      "version": "0.14.6",
      "resolved": "https://registry.npmjs.org/esbuild-netbsd-64/-/esbuild-netbsd-64-0.14.6.tgz",
      "integrity": "sha512-RGbrgvtUzYmTcnOKo97LMaTA8WnGae/mDGSiRY/9196IIxTbtY/kWnVtZp5ro0OOo2/v6tyvtKVOTljTnbXoIA==",
      "cpu": [
        "x64"
      ],
      "optional": true,
      "os": [
        "netbsd"
      ]
    },
    "node_modules/esbuild-openbsd-64": {
      "version": "0.14.6",
      "resolved": "https://registry.npmjs.org/esbuild-openbsd-64/-/esbuild-openbsd-64-0.14.6.tgz",
      "integrity": "sha512-31qrrCThwRf1yFe/bz7K7Edi2YP46nRgyil7ssJv9dHNdagmy5Tk/WbN/CecVQiS9+ZyrddqdyqERg+Q8xYPNg==",
      "cpu": [
        "x64"
      ],
      "optional": true,
      "os": [
        "openbsd"
      ]
    },
    "node_modules/esbuild-sunos-64": {
      "version": "0.14.6",
      "resolved": "https://registry.npmjs.org/esbuild-sunos-64/-/esbuild-sunos-64-0.14.6.tgz",
      "integrity": "sha512-Hp2iiouX+5yi4ZGT78o15TavNFcIjv9PvZfib/Nx6i5oAcq30eIdHXZvJXse1J4IMy2UTfUwRPp4IbFuq4t8tA==",
      "cpu": [
        "x64"
      ],
      "optional": true,
      "os": [
        "sunos"
      ]
    },
    "node_modules/esbuild-windows-32": {
      "version": "0.14.6",
      "resolved": "https://registry.npmjs.org/esbuild-windows-32/-/esbuild-windows-32-0.14.6.tgz",
      "integrity": "sha512-dAA64fXfwLCDTwUU3bK1RJhj/NhY/yKWrAr2lSWSqsbonAQmCf5ltO0/jKAZDv58KgOposN+pcN+QXsXsOxofA==",
      "cpu": [
        "ia32"
      ],
      "optional": true,
      "os": [
        "win32"
      ]
    },
    "node_modules/esbuild-windows-64": {
      "version": "0.14.6",
      "resolved": "https://registry.npmjs.org/esbuild-windows-64/-/esbuild-windows-64-0.14.6.tgz",
      "integrity": "sha512-LONuzbp2LRC6PEt3BnRvIP9XiqLY+1UMz55rFqSRcx1hKvgwmiMVF7ZOV7Kqi5r/ejIKDmIosOhh3qy6WKqNRA==",
      "cpu": [
        "x64"
      ],
      "optional": true,
      "os": [
        "win32"
      ]
    },
    "node_modules/esbuild-windows-arm64": {
      "version": "0.14.6",
      "resolved": "https://registry.npmjs.org/esbuild-windows-arm64/-/esbuild-windows-arm64-0.14.6.tgz",
      "integrity": "sha512-3ntwiIv3EF4jJran1D6FdQLPQyxXq8+j/xtdZj/eWRxYDO8LWlm1ULEx/capZB2JS/GjKkQkmRaaMjWcRJ01wQ==",
      "cpu": [
        "arm64"
      ],
      "optional": true,
      "os": [
        "win32"
      ]
    },
    "node_modules/etag": {
      "version": "1.8.1",
      "resolved": "https://registry.npmjs.org/etag/-/etag-1.8.1.tgz",
      "integrity": "sha1-Qa4u62XvpiJorr/qg6x9eSmbCIc=",
      "engines": {
        "node": ">= 0.6"
      }
    },
    "node_modules/f2e-middle-template": {
      "version": "0.2.5",
      "resolved": "https://registry.npmjs.org/f2e-middle-template/-/f2e-middle-template-0.2.5.tgz",
      "integrity": "sha512-8Fzxuo9ZOoYkrkPpiBFDVhIIop1JUEC4rHYwOPpyHBmmPRtiv2RJm+3xUzleXewEK02RKKoeH5/dTorXn3pmIA==",
      "dependencies": {
        "lodash": "^4.17.4"
      }
    },
    "node_modules/f2e-server": {
      "version": "2.16.1",
      "resolved": "https://registry.npmjs.org/f2e-server/-/f2e-server-2.16.1.tgz",
      "integrity": "sha512-MLlLQlPHD51yfRhVtXvmaSVfnulf+qOFiLOAk4iJppuuTEq2Gj9mKZdm1Ktt6TQqkXYxaNnJDecP1hzJL24YLw==",
      "dependencies": {
        "@types/less": "^3.0.2",
        "chokidar": "^3.5.1",
        "commander": "^2.20.3",
        "etag": "^1.8.1",
        "f2e-middle-template": "*",
        "lodash": "^4.17.20",
        "memory-tree": "^0.6.16",
        "mime": "^2.5.0",
        "tcp-port-used": "^1.0.2"
      },
      "bin": {
        "f2e": "bin/f2e"
      }
    },
    "node_modules/fill-range": {
      "version": "7.0.1",
      "resolved": "https://registry.npmjs.org/fill-range/-/fill-range-7.0.1.tgz",
      "integrity": "sha512-qOo9F+dMUmC2Lcb4BbVvnKJxTPjCm+RRpe4gDuGrzkL7mEVl/djYSu2OdQ2Pa302N4oqkSg9ir6jaLWJ2USVpQ==",
      "dependencies": {
        "to-regex-range": "^5.0.1"
      },
      "engines": {
        "node": ">=8"
      }
    },
    "node_modules/fsevents": {
      "version": "2.3.2",
      "resolved": "https://registry.npmjs.org/fsevents/-/fsevents-2.3.2.tgz",
      "integrity": "sha512-xiqMQR4xAeHTuB9uWm+fFRcIOgKBMiOBP+eXiyT7jsgVCq1bkVygt00oASowB7EdtpOHaaPgKt812P9ab+DDKA==",
      "hasInstallScript": true,
      "optional": true,
      "os": [
        "darwin"
      ],
      "engines": {
        "node": "^8.16.0 || ^10.6.0 || >=11.0.0"
      }
    },
    "node_modules/glob-parent": {
      "version": "5.1.2",
      "resolved": "https://registry.npmjs.org/glob-parent/-/glob-parent-5.1.2.tgz",
      "integrity": "sha512-AOIgSQCepiJYwP3ARnGx+5VnTu2HBYdzbGP45eLw1vr3zB3vZLeyed1sC9hnbcOc9/SrMyM5RPQrkGz4aS9Zow==",
      "dependencies": {
        "is-glob": "^4.0.1"
      },
      "engines": {
        "node": ">= 6"
      }
    },
    "node_modules/ip-regex": {
      "version": "4.3.0",
      "resolved": "https://registry.npmjs.org/ip-regex/-/ip-regex-4.3.0.tgz",
      "integrity": "sha512-B9ZWJxHHOHUhUjCPrMpLD4xEq35bUTClHM1S6CBU5ixQnkZmwipwgc96vAd7AAGM9TGHvJR+Uss+/Ak6UphK+Q==",
      "engines": {
        "node": ">=8"
      }
    },
    "node_modules/is-binary-path": {
      "version": "2.1.0",
      "resolved": "https://registry.npmjs.org/is-binary-path/-/is-binary-path-2.1.0.tgz",
      "integrity": "sha512-ZMERYes6pDydyuGidse7OsHxtbI7WVeUEozgR/g7rd0xUimYNlvZRE/K2MgZTjWy725IfelLeVcEM97mmtRGXw==",
      "dependencies": {
        "binary-extensions": "^2.0.0"
      },
      "engines": {
        "node": ">=8"
      }
    },
    "node_modules/is-extglob": {
      "version": "2.1.1",
      "resolved": "https://registry.npmjs.org/is-extglob/-/is-extglob-2.1.1.tgz",
      "integrity": "sha1-qIwCU1eR8C7TfHahueqXc8gz+MI=",
      "engines": {
        "node": ">=0.10.0"
      }
    },
    "node_modules/is-glob": {
      "version": "4.0.3",
      "resolved": "https://registry.npmjs.org/is-glob/-/is-glob-4.0.3.tgz",
      "integrity": "sha512-xelSayHH36ZgE7ZWhli7pW34hNbNl8Ojv5KVmkJD4hBdD3th8Tfk9vYasLM+mXWOZhFkgZfxhLSnrwRr4elSSg==",
      "dependencies": {
        "is-extglob": "^2.1.1"
      },
      "engines": {
        "node": ">=0.10.0"
      }
    },
    "node_modules/is-number": {
      "version": "7.0.0",
      "resolved": "https://registry.npmjs.org/is-number/-/is-number-7.0.0.tgz",
      "integrity": "sha512-41Cifkg6e8TylSpdtTpeLVMqvSBEVzTttHvERD741+pnZ8ANv0004MRL43QKPDlK9cGvNp6NZWZUBlbGXYxxng==",
      "engines": {
        "node": ">=0.12.0"
      }
    },
    "node_modules/is-url": {
      "version": "1.2.4",
      "resolved": "https://registry.npmjs.org/is-url/-/is-url-1.2.4.tgz",
      "integrity": "sha512-ITvGim8FhRiYe4IQ5uHSkj7pVaPDrCTkNd3yq3cV7iZAcJdHTUMPMEHcqSOy9xZ9qFenQCvi+2wjH9a1nXqHww=="
    },
    "node_modules/is2": {
      "version": "2.0.7",
      "resolved": "https://registry.npmjs.org/is2/-/is2-2.0.7.tgz",
      "integrity": "sha512-4vBQoURAXC6hnLFxD4VW7uc04XiwTTl/8ydYJxKvPwkWQrSjInkuM5VZVg6BGr1/natq69zDuvO9lGpLClJqvA==",
      "dependencies": {
        "deep-is": "^0.1.3",
        "ip-regex": "^4.1.0",
        "is-url": "^1.2.4"
      },
      "engines": {
        "node": ">=v0.10.0"
      }
    },
    "node_modules/lodash": {
      "version": "4.17.21",
      "resolved": "https://registry.npmjs.org/lodash/-/lodash-4.17.21.tgz",
      "integrity": "sha512-v2kDEe57lecTulaDIuNTPy3Ry4gLGJ6Z1O3vE1krgXZNrsQ+LFTGHVxVjcXPs17LhbZVGedAJv8XZ1tvj5FvSg=="
    },
    "node_modules/memory-tree": {
      "version": "0.6.16",
      "resolved": "https://registry.npmjs.org/memory-tree/-/memory-tree-0.6.16.tgz",
      "integrity": "sha512-zkKAQm94vhQ44CSnnSIEwGkJnz98fctfWusVvvVTDjr2f7lo+RMKJymydH55lYAT3h/r+rG1z49EW+VeNFpS6g==",
      "dependencies": {
        "chokidar": "^3.5.1",
        "lodash": "^4.17.20"
      }
    },
    "node_modules/mime": {
      "version": "2.6.0",
      "resolved": "https://registry.npmjs.org/mime/-/mime-2.6.0.tgz",
      "integrity": "sha512-USPkMeET31rOMiarsBNIHZKLGgvKc/LrjofAnBlOttf5ajRvqiRA8QsenbcooctK6d6Ts6aqZXBA+XbkKthiQg==",
      "bin": {
        "mime": "cli.js"
      },
      "engines": {
        "node": ">=4.0.0"
      }
    },
    "node_modules/ms": {
      "version": "2.1.2",
      "resolved": "https://registry.npmjs.org/ms/-/ms-2.1.2.tgz",
      "integrity": "sha512-sGkPx+VjMtmA6MX27oA4FBFELFCZZ4S4XqeGOXCv68tT+jb3vk/RyaKWP0PTKyWtmLSM0b+adUTEvbs1PEaH2w=="
    },
    "node_modules/normalize-path": {
      "version": "3.0.0",
      "resolved": "https://registry.npmjs.org/normalize-path/-/normalize-path-3.0.0.tgz",
      "integrity": "sha512-6eZs5Ls3WtCisHWp9S2GUy8dqkpGi4BVSz3GaqiE6ezub0512ESztXUwUB6C6IKbQkY2Pnb/mD4WYojCRwcwLA==",
      "engines": {
        "node": ">=0.10.0"
      }
    },
    "node_modules/picomatch": {
      "version": "2.3.0",
      "resolved": "https://registry.npmjs.org/picomatch/-/picomatch-2.3.0.tgz",
      "integrity": "sha512-lY1Q/PiJGC2zOv/z391WOTD+Z02bCgsFfvxoXXf6h7kv9o+WmsmzYqrAwY63sNgOxE4xEdq0WyUnXfKeBrSvYw==",
      "engines": {
        "node": ">=8.6"
      },
      "funding": {
        "url": "https://github.com/sponsors/jonschlinkert"
      }
    },
    "node_modules/readdirp": {
      "version": "3.6.0",
      "resolved": "https://registry.npmjs.org/readdirp/-/readdirp-3.6.0.tgz",
      "integrity": "sha512-hOS089on8RduqdbhvQ5Z37A0ESjsqz6qnRcffsMU3495FuTdqSm+7bhJ29JvIOsBDEEnan5DPu9t3To9VRlMzA==",
      "dependencies": {
        "picomatch": "^2.2.1"
      },
      "engines": {
        "node": ">=8.10.0"
      }
    },
    "node_modules/tcp-port-used": {
      "version": "1.0.2",
      "resolved": "https://registry.npmjs.org/tcp-port-used/-/tcp-port-used-1.0.2.tgz",
      "integrity": "sha512-l7ar8lLUD3XS1V2lfoJlCBaeoaWo/2xfYt81hM7VlvR4RrMVFqfmzfhLVk40hAb368uitje5gPtBRL1m/DGvLA==",
      "dependencies": {
        "debug": "4.3.1",
        "is2": "^2.0.6"
      }
    },
    "node_modules/to-regex-range": {
      "version": "5.0.1",
      "resolved": "https://registry.npmjs.org/to-regex-range/-/to-regex-range-5.0.1.tgz",
      "integrity": "sha512-65P7iz6X5yEr1cwcgvQxbbIw7Uk3gOy5dIdtZ4rDveLqhrdJP+Li/Hx6tyK0NEb+2GCyneCMJiGqrADCSNk8sQ==",
      "dependencies": {
        "is-number": "^7.0.0"
      },
      "engines": {
        "node": ">=8.0"
      }
    },
    "node_modules/typescript": {
      "version": "4.5.4",
      "resolved": "https://registry.npmjs.org/typescript/-/typescript-4.5.4.tgz",
      "integrity": "sha512-VgYs2A2QIRuGphtzFV7aQJduJ2gyfTljngLzjpfW9FoYZF6xuw1W0vW9ghCKLfcWrCFxK81CSGRAvS1pn4fIUg==",
      "dev": true,
      "bin": {
        "tsc": "bin/tsc",
        "tsserver": "bin/tsserver"
      },
      "engines": {
        "node": ">=4.2.0"
      }
    }
  },
  "dependencies": {
    "@types/less": {
      "version": "3.0.3",
      "resolved": "https://registry.npmjs.org/@types/less/-/less-3.0.3.tgz",
      "integrity": "sha512-1YXyYH83h6We1djyoUEqTlVyQtCfJAFXELSKW2ZRtjHD4hQ82CC4lvrv5D0l0FLcKBaiPbXyi3MpMsI9ZRgKsw=="
    },
    "@types/node": {
      "version": "14.18.2",
      "resolved": "https://registry.npmjs.org/@types/node/-/node-14.18.2.tgz",
      "integrity": "sha512-fqtSN5xn/bBzDxMT77C1rJg6CsH/R49E7qsGuvdPJa20HtV5zSTuLJPNfnlyVH3wauKnkHdLggTVkOW/xP9oQg==",
      "dev": true
    },
    "anymatch": {
      "version": "3.1.2",
      "resolved": "https://registry.npmjs.org/anymatch/-/anymatch-3.1.2.tgz",
      "integrity": "sha512-P43ePfOAIupkguHUycrc4qJ9kz8ZiuOUijaETwX7THt0Y/GNK7v0aa8rY816xWjZ7rJdA5XdMcpVFTKMq+RvWg==",
      "requires": {
        "normalize-path": "^3.0.0",
        "picomatch": "^2.0.4"
      }
    },
    "binary-extensions": {
      "version": "2.2.0",
      "resolved": "https://registry.npmjs.org/binary-extensions/-/binary-extensions-2.2.0.tgz",
      "integrity": "sha512-jDctJ/IVQbZoJykoeHbhXpOlNBqGNcwXJKJog42E5HDPUwQTSdjCHdihjj0DlnheQ7blbT6dHOafNAiS8ooQKA=="
    },
    "braces": {
      "version": "3.0.2",
      "resolved": "https://registry.npmjs.org/braces/-/braces-3.0.2.tgz",
      "integrity": "sha512-b8um+L1RzM3WDSzvhm6gIz1yfTbBt6YTlcEKAvsmqCZZFw46z626lVj9j1yEPW33H5H+lBQpZMP1k8l+78Ha0A==",
      "requires": {
        "fill-range": "^7.0.1"
      }
    },
    "chokidar": {
      "version": "3.5.2",
      "resolved": "https://registry.npmjs.org/chokidar/-/chokidar-3.5.2.tgz",
      "integrity": "sha512-ekGhOnNVPgT77r4K/U3GDhu+FQ2S8TnK/s2KbIGXi0SZWuwkZ2QNyfWdZW+TVfn84DpEP7rLeCt2UI6bJ8GwbQ==",
      "requires": {
        "anymatch": "~3.1.2",
        "braces": "~3.0.2",
        "fsevents": "~2.3.2",
        "glob-parent": "~5.1.2",
        "is-binary-path": "~2.1.0",
        "is-glob": "~4.0.1",
        "normalize-path": "~3.0.0",
        "readdirp": "~3.6.0"
      }
    },
    "commander": {
      "version": "2.20.3",
      "resolved": "https://registry.npmjs.org/commander/-/commander-2.20.3.tgz",
      "integrity": "sha512-GpVkmM8vF2vQUkj2LvZmD35JxeJOLCwJ9cUkugyk2nuhbv3+mJvpLYYt+0+USMxE+oj+ey/lJEnhZw75x/OMcQ=="
    },
    "debug": {
      "version": "4.3.1",
      "resolved": "https://registry.npmjs.org/debug/-/debug-4.3.1.tgz",
      "integrity": "sha512-doEwdvm4PCeK4K3RQN2ZC2BYUBaxwLARCqZmMjtF8a51J2Rb0xpVloFRnCODwqjpwnAoao4pelN8l3RJdv3gRQ==",
      "requires": {
        "ms": "2.1.2"
      }
    },
    "deep-is": {
      "version": "0.1.4",
      "resolved": "https://registry.npmjs.org/deep-is/-/deep-is-0.1.4.tgz",
      "integrity": "sha512-oIPzksmTg4/MriiaYGO+okXDT7ztn/w3Eptv/+gSIdMdKsJo0u4CfYNFJPy+4SKMuCqGw2wxnA+URMg3t8a/bQ=="
    },
    "esbuild": {
      "version": "0.14.6",
      "resolved": "https://registry.npmjs.org/esbuild/-/esbuild-0.14.6.tgz",
      "integrity": "sha512-IbaeG3srFXK2p/WPhBctu9AGcJ1O0ksBbHTYgLwLAAmbonO49p8E06R4P+4B5gVvquNDU1QUa/0wHY6sT4VDmA==",
      "requires": {
        "esbuild-android-arm64": "0.14.6",
        "esbuild-darwin-64": "0.14.6",
        "esbuild-darwin-arm64": "0.14.6",
        "esbuild-freebsd-64": "0.14.6",
        "esbuild-freebsd-arm64": "0.14.6",
        "esbuild-linux-32": "0.14.6",
        "esbuild-linux-64": "0.14.6",
        "esbuild-linux-arm": "0.14.6",
        "esbuild-linux-arm64": "0.14.6",
        "esbuild-linux-mips64le": "0.14.6",
        "esbuild-linux-ppc64le": "0.14.6",
        "esbuild-netbsd-64": "0.14.6",
        "esbuild-openbsd-64": "0.14.6",
        "esbuild-sunos-64": "0.14.6",
        "esbuild-windows-32": "0.14.6",
        "esbuild-windows-64": "0.14.6",
        "esbuild-windows-arm64": "0.14.6"
      }
    },
    "esbuild-android-arm64": {
      "version": "0.14.6",
      "resolved": "https://registry.npmjs.org/esbuild-android-arm64/-/esbuild-android-arm64-0.14.6.tgz",
      "integrity": "sha512-s38gxoqFnr42VHDoN5jkvUFJpqOHf2IEki3FKeu/AZzU+FSw6yngUjNBtmkCmBfHvfCEGBCkuqciJTwfwE+YhA==",
      "optional": true
    },
    "esbuild-darwin-64": {
      "version": "0.14.6",
      "resolved": "https://registry.npmjs.org/esbuild-darwin-64/-/esbuild-darwin-64-0.14.6.tgz",
      "integrity": "sha512-tm9Q5usB6NjbKXUbrGAdW2OKfaHmgda2jmQeqarJkVPcVnz0XEWrn3hO6PGcD9pJr/5qwizBaUH3TzvsIhRlng==",
      "optional": true
    },
    "esbuild-darwin-arm64": {
      "version": "0.14.6",
      "resolved": "https://registry.npmjs.org/esbuild-darwin-arm64/-/esbuild-darwin-arm64-0.14.6.tgz",
      "integrity": "sha512-W1Ytsa4EY5qlx433E2ffWnhT0plPHEWbRg+IhtkNnzQP1jaRaCNRPILUpufmmO78PY8oFx5qAT/vPf73H96R7g==",
      "optional": true
    },
    "esbuild-freebsd-64": {
      "version": "0.14.6",
      "resolved": "https://registry.npmjs.org/esbuild-freebsd-64/-/esbuild-freebsd-64-0.14.6.tgz",
      "integrity": "sha512-Lb9raMwL12FZ4omr6vLlWjIhI+RdXoWEaghv0bAGEo9x1MkfEly83KiEIeJle7VFpGrHsR4OTYyJ4sztcPc+0A==",
      "optional": true
    },
    "esbuild-freebsd-arm64": {
      "version": "0.14.6",
      "resolved": "https://registry.npmjs.org/esbuild-freebsd-arm64/-/esbuild-freebsd-arm64-0.14.6.tgz",
      "integrity": "sha512-0xpvXhfu+Qc8uZXTvahuBfOAEIkyUa2XIEzLGV10t66svfZ9mC0ZH+kqiNLr7ETLz+P0PTExv3xtt5YoRD4DeA==",
      "optional": true
    },
    "esbuild-linux-32": {
      "version": "0.14.6",
      "resolved": "https://registry.npmjs.org/esbuild-linux-32/-/esbuild-linux-32-0.14.6.tgz",
      "integrity": "sha512-zm7NwLrnckBqckAL41JW1Z1ddn6HRGo3e4D3aZG+NrlDDu60J2Pv/wVTTc8tEvb2MChAU0kok8InKmoPv0dp6g==",
      "optional": true
    },
    "esbuild-linux-64": {
      "version": "0.14.6",
      "resolved": "https://registry.npmjs.org/esbuild-linux-64/-/esbuild-linux-64-0.14.6.tgz",
      "integrity": "sha512-pYRXlQmgd7kDlkAV3AJHI5u+CpQ40HKVlY2SYuxRKb18BaCLgjhihDn87QYFTcCTYQpoo12LLea6ka4HpDKi0Q==",
      "optional": true
    },
    "esbuild-linux-arm": {
      "version": "0.14.6",
      "resolved": "https://registry.npmjs.org/esbuild-linux-arm/-/esbuild-linux-arm-0.14.6.tgz",
      "integrity": "sha512-V2H7diFlZdHy2GUrOw6V2gJMTBSu5FrbkkIp2uwe76Z+BoqCiX+1Qs3lC7Ng0lcx4KoTmzyEW1gRm3RE6Qi83A==",
      "optional": true
    },
    "esbuild-linux-arm64": {
      "version": "0.14.6",
      "resolved": "https://registry.npmjs.org/esbuild-linux-arm64/-/esbuild-linux-arm64-0.14.6.tgz",
      "integrity": "sha512-T4pL9ABEbL5NKFWkEXpIttXiCWdqvHxtkRMSGKStfk3FmI7W9qtn8cKmCxHUzg1DJ87c+FSWWOS+BmND5nSVwg==",
      "optional": true
    },
    "esbuild-linux-mips64le": {
      "version": "0.14.6",
      "resolved": "https://registry.npmjs.org/esbuild-linux-mips64le/-/esbuild-linux-mips64le-0.14.6.tgz",
      "integrity": "sha512-ZOMFyAKxOEy5zAY1dA+5XKbNzj6Olq86Pu6aDBOE7pIN7PtYeVQUw4AmQMC3JNUrT8OjiTi1/bL0HPqLJQ06Yg==",
      "optional": true
    },
    "esbuild-linux-ppc64le": {
      "version": "0.14.6",
      "resolved": "https://registry.npmjs.org/esbuild-linux-ppc64le/-/esbuild-linux-ppc64le-0.14.6.tgz",
      "integrity": "sha512-vl+fAVdV2R19InpZEyLj3pSUNMHUDEp6dX5Apn9MMpIYPn+LhLoTeIVKnS+eMxoOWCH3qGLoHJ8p/9n1USinLQ==",
      "optional": true
    },
    "esbuild-netbsd-64": {
      "version": "0.14.6",
      "resolved": "https://registry.npmjs.org/esbuild-netbsd-64/-/esbuild-netbsd-64-0.14.6.tgz",
      "integrity": "sha512-RGbrgvtUzYmTcnOKo97LMaTA8WnGae/mDGSiRY/9196IIxTbtY/kWnVtZp5ro0OOo2/v6tyvtKVOTljTnbXoIA==",
      "optional": true
    },
    "esbuild-openbsd-64": {
      "version": "0.14.6",
      "resolved": "https://registry.npmjs.org/esbuild-openbsd-64/-/esbuild-openbsd-64-0.14.6.tgz",
      "integrity": "sha512-31qrrCThwRf1yFe/bz7K7Edi2YP46nRgyil7ssJv9dHNdagmy5Tk/WbN/CecVQiS9+ZyrddqdyqERg+Q8xYPNg==",
      "optional": true
    },
    "esbuild-sunos-64": {
      "version": "0.14.6",
      "resolved": "https://registry.npmjs.org/esbuild-sunos-64/-/esbuild-sunos-64-0.14.6.tgz",
      "integrity": "sha512-Hp2iiouX+5yi4ZGT78o15TavNFcIjv9PvZfib/Nx6i5oAcq30eIdHXZvJXse1J4IMy2UTfUwRPp4IbFuq4t8tA==",
      "optional": true
    },
    "esbuild-windows-32": {
      "version": "0.14.6",
      "resolved": "https://registry.npmjs.org/esbuild-windows-32/-/esbuild-windows-32-0.14.6.tgz",
      "integrity": "sha512-dAA64fXfwLCDTwUU3bK1RJhj/NhY/yKWrAr2lSWSqsbonAQmCf5ltO0/jKAZDv58KgOposN+pcN+QXsXsOxofA==",
      "optional": true
    },
    "esbuild-windows-64": {
      "version": "0.14.6",
      "resolved": "https://registry.npmjs.org/esbuild-windows-64/-/esbuild-windows-64-0.14.6.tgz",
      "integrity": "sha512-LONuzbp2LRC6PEt3BnRvIP9XiqLY+1UMz55rFqSRcx1hKvgwmiMVF7ZOV7Kqi5r/ejIKDmIosOhh3qy6WKqNRA==",
      "optional": true
    },
    "esbuild-windows-arm64": {
      "version": "0.14.6",
      "resolved": "https://registry.npmjs.org/esbuild-windows-arm64/-/esbuild-windows-arm64-0.14.6.tgz",
      "integrity": "sha512-3ntwiIv3EF4jJran1D6FdQLPQyxXq8+j/xtdZj/eWRxYDO8LWlm1ULEx/capZB2JS/GjKkQkmRaaMjWcRJ01wQ==",
      "optional": true
    },
    "etag": {
      "version": "1.8.1",
      "resolved": "https://registry.npmjs.org/etag/-/etag-1.8.1.tgz",
      "integrity": "sha1-Qa4u62XvpiJorr/qg6x9eSmbCIc="
    },
    "f2e-middle-template": {
      "version": "0.2.5",
      "resolved": "https://registry.npmjs.org/f2e-middle-template/-/f2e-middle-template-0.2.5.tgz",
      "integrity": "sha512-8Fzxuo9ZOoYkrkPpiBFDVhIIop1JUEC4rHYwOPpyHBmmPRtiv2RJm+3xUzleXewEK02RKKoeH5/dTorXn3pmIA==",
      "requires": {
        "lodash": "^4.17.4"
      }
    },
    "f2e-server": {
      "version": "2.16.1",
      "resolved": "https://registry.npmjs.org/f2e-server/-/f2e-server-2.16.1.tgz",
      "integrity": "sha512-MLlLQlPHD51yfRhVtXvmaSVfnulf+qOFiLOAk4iJppuuTEq2Gj9mKZdm1Ktt6TQqkXYxaNnJDecP1hzJL24YLw==",
      "requires": {
        "@types/less": "^3.0.2",
        "chokidar": "^3.5.1",
        "commander": "^2.20.3",
        "etag": "^1.8.1",
        "f2e-middle-template": "*",
        "lodash": "^4.17.20",
        "memory-tree": "^0.6.16",
        "mime": "^2.5.0",
        "tcp-port-used": "^1.0.2"
      }
    },
    "fill-range": {
      "version": "7.0.1",
      "resolved": "https://registry.npmjs.org/fill-range/-/fill-range-7.0.1.tgz",
      "integrity": "sha512-qOo9F+dMUmC2Lcb4BbVvnKJxTPjCm+RRpe4gDuGrzkL7mEVl/djYSu2OdQ2Pa302N4oqkSg9ir6jaLWJ2USVpQ==",
      "requires": {
        "to-regex-range": "^5.0.1"
      }
    },
    "fsevents": {
      "version": "2.3.2",
      "resolved": "https://registry.npmjs.org/fsevents/-/fsevents-2.3.2.tgz",
      "integrity": "sha512-xiqMQR4xAeHTuB9uWm+fFRcIOgKBMiOBP+eXiyT7jsgVCq1bkVygt00oASowB7EdtpOHaaPgKt812P9ab+DDKA==",
      "optional": true
    },
    "glob-parent": {
      "version": "5.1.2",
      "resolved": "https://registry.npmjs.org/glob-parent/-/glob-parent-5.1.2.tgz",
      "integrity": "sha512-AOIgSQCepiJYwP3ARnGx+5VnTu2HBYdzbGP45eLw1vr3zB3vZLeyed1sC9hnbcOc9/SrMyM5RPQrkGz4aS9Zow==",
      "requires": {
        "is-glob": "^4.0.1"
      }
    },
    "ip-regex": {
      "version": "4.3.0",
      "resolved": "https://registry.npmjs.org/ip-regex/-/ip-regex-4.3.0.tgz",
      "integrity": "sha512-B9ZWJxHHOHUhUjCPrMpLD4xEq35bUTClHM1S6CBU5ixQnkZmwipwgc96vAd7AAGM9TGHvJR+Uss+/Ak6UphK+Q=="
    },
    "is-binary-path": {
      "version": "2.1.0",
      "resolved": "https://registry.npmjs.org/is-binary-path/-/is-binary-path-2.1.0.tgz",
      "integrity": "sha512-ZMERYes6pDydyuGidse7OsHxtbI7WVeUEozgR/g7rd0xUimYNlvZRE/K2MgZTjWy725IfelLeVcEM97mmtRGXw==",
      "requires": {
        "binary-extensions": "^2.0.0"
      }
    },
    "is-extglob": {
      "version": "2.1.1",
      "resolved": "https://registry.npmjs.org/is-extglob/-/is-extglob-2.1.1.tgz",
      "integrity": "sha1-qIwCU1eR8C7TfHahueqXc8gz+MI="
    },
    "is-glob": {
      "version": "4.0.3",
      "resolved": "https://registry.npmjs.org/is-glob/-/is-glob-4.0.3.tgz",
      "integrity": "sha512-xelSayHH36ZgE7ZWhli7pW34hNbNl8Ojv5KVmkJD4hBdD3th8Tfk9vYasLM+mXWOZhFkgZfxhLSnrwRr4elSSg==",
      "requires": {
        "is-extglob": "^2.1.1"
      }
    },
    "is-number": {
      "version": "7.0.0",
      "resolved": "https://registry.npmjs.org/is-number/-/is-number-7.0.0.tgz",
      "integrity": "sha512-41Cifkg6e8TylSpdtTpeLVMqvSBEVzTttHvERD741+pnZ8ANv0004MRL43QKPDlK9cGvNp6NZWZUBlbGXYxxng=="
    },
    "is-url": {
      "version": "1.2.4",
      "resolved": "https://registry.npmjs.org/is-url/-/is-url-1.2.4.tgz",
      "integrity": "sha512-ITvGim8FhRiYe4IQ5uHSkj7pVaPDrCTkNd3yq3cV7iZAcJdHTUMPMEHcqSOy9xZ9qFenQCvi+2wjH9a1nXqHww=="
    },
    "is2": {
      "version": "2.0.7",
      "resolved": "https://registry.npmjs.org/is2/-/is2-2.0.7.tgz",
      "integrity": "sha512-4vBQoURAXC6hnLFxD4VW7uc04XiwTTl/8ydYJxKvPwkWQrSjInkuM5VZVg6BGr1/natq69zDuvO9lGpLClJqvA==",
      "requires": {
        "deep-is": "^0.1.3",
        "ip-regex": "^4.1.0",
        "is-url": "^1.2.4"
      }
    },
    "lodash": {
      "version": "4.17.21",
      "resolved": "https://registry.npmjs.org/lodash/-/lodash-4.17.21.tgz",
      "integrity": "sha512-v2kDEe57lecTulaDIuNTPy3Ry4gLGJ6Z1O3vE1krgXZNrsQ+LFTGHVxVjcXPs17LhbZVGedAJv8XZ1tvj5FvSg=="
    },
    "memory-tree": {
      "version": "0.6.16",
      "resolved": "https://registry.npmjs.org/memory-tree/-/memory-tree-0.6.16.tgz",
      "integrity": "sha512-zkKAQm94vhQ44CSnnSIEwGkJnz98fctfWusVvvVTDjr2f7lo+RMKJymydH55lYAT3h/r+rG1z49EW+VeNFpS6g==",
      "requires": {
        "chokidar": "^3.5.1",
        "lodash": "^4.17.20"
      }
    },
    "mime": {
      "version": "2.6.0",
      "resolved": "https://registry.npmjs.org/mime/-/mime-2.6.0.tgz",
      "integrity": "sha512-USPkMeET31rOMiarsBNIHZKLGgvKc/LrjofAnBlOttf5ajRvqiRA8QsenbcooctK6d6Ts6aqZXBA+XbkKthiQg=="
    },
    "ms": {
      "version": "2.1.2",
      "resolved": "https://registry.npmjs.org/ms/-/ms-2.1.2.tgz",
      "integrity": "sha512-sGkPx+VjMtmA6MX27oA4FBFELFCZZ4S4XqeGOXCv68tT+jb3vk/RyaKWP0PTKyWtmLSM0b+adUTEvbs1PEaH2w=="
    },
    "normalize-path": {
      "version": "3.0.0",
      "resolved": "https://registry.npmjs.org/normalize-path/-/normalize-path-3.0.0.tgz",
      "integrity": "sha512-6eZs5Ls3WtCisHWp9S2GUy8dqkpGi4BVSz3GaqiE6ezub0512ESztXUwUB6C6IKbQkY2Pnb/mD4WYojCRwcwLA=="
    },
    "picomatch": {
      "version": "2.3.0",
      "resolved": "https://registry.npmjs.org/picomatch/-/picomatch-2.3.0.tgz",
      "integrity": "sha512-lY1Q/PiJGC2zOv/z391WOTD+Z02bCgsFfvxoXXf6h7kv9o+WmsmzYqrAwY63sNgOxE4xEdq0WyUnXfKeBrSvYw=="
    },
    "readdirp": {
      "version": "3.6.0",
      "resolved": "https://registry.npmjs.org/readdirp/-/readdirp-3.6.0.tgz",
      "integrity": "sha512-hOS089on8RduqdbhvQ5Z37A0ESjsqz6qnRcffsMU3495FuTdqSm+7bhJ29JvIOsBDEEnan5DPu9t3To9VRlMzA==",
      "requires": {
        "picomatch": "^2.2.1"
      }
    },
    "tcp-port-used": {
      "version": "1.0.2",
      "resolved": "https://registry.npmjs.org/tcp-port-used/-/tcp-port-used-1.0.2.tgz",
      "integrity": "sha512-l7ar8lLUD3XS1V2lfoJlCBaeoaWo/2xfYt81hM7VlvR4RrMVFqfmzfhLVk40hAb368uitje5gPtBRL1m/DGvLA==",
      "requires": {
        "debug": "4.3.1",
        "is2": "^2.0.6"
      }
    },
    "to-regex-range": {
      "version": "5.0.1",
      "resolved": "https://registry.npmjs.org/to-regex-range/-/to-regex-range-5.0.1.tgz",
      "integrity": "sha512-65P7iz6X5yEr1cwcgvQxbbIw7Uk3gOy5dIdtZ4rDveLqhrdJP+Li/Hx6tyK0NEb+2GCyneCMJiGqrADCSNk8sQ==",
      "requires": {
        "is-number": "^7.0.0"
      }
    },
    "typescript": {
      "version": "4.5.4",
      "resolved": "https://registry.npmjs.org/typescript/-/typescript-4.5.4.tgz",
      "integrity": "sha512-VgYs2A2QIRuGphtzFV7aQJduJ2gyfTljngLzjpfW9FoYZF6xuw1W0vW9ghCKLfcWrCFxK81CSGRAvS1pn4fIUg==",
      "dev": true
    }
  }
}
